
Microsoft Visual Studio Solution File, Format Version 12.00
# Visual Studio 15
VisualStudioVersion = 15.0.26403.0
MinimumVisualStudioVersion = 10.0.40219.1
Project("{FAE04EC0-301F-11D3-BF4B-00C04F79EFBC}") = "ConsoleHost", "ConsoleHost\ConsoleHost.csproj", "{F6399F1C-BF06-499B-A9DE-1F28EC35E589}"
	ProjectSection(ProjectDependencies) = postProject
		{A640BA1E-589C-4B01-8407-E3BE078E3271} = {A640BA1E-589C-4B01-8407-E3BE078E3271}
		{B235C485-07B0-4BB5-A27A-B79DADC576AA} = {B235C485-07B0-4BB5-A27A-B79DADC576AA}
		{4110E4B3-FCBC-46E5-9F1C-C7158E08FC3E} = {4110E4B3-FCBC-46E5-9F1C-C7158E08FC3E}
		{CF5503B6-FE00-4E55-881E-3A021F603E38} = {CF5503B6-FE00-4E55-881E-3A021F603E38}
		{C4A8A9D9-CF33-466C-829F-39DE80E99F38} = {C4A8A9D9-CF33-466C-829F-39DE80E99F38}
	EndProjectSection
EndProject
Project("{2150E333-8FDC-42A3-9474-1A3956D46DE8}") = "Infrastructure", "Infrastructure", "{13B36249-6775-4B1D-ACE1-E5671AD1FCE1}"
EndProject
Project("{2150E333-8FDC-42A3-9474-1A3956D46DE8}") = "Modules", "Modules", "{228B7ADB-37F2-450A-8B46-A0523DED7ED3}"
EndProject
Project("{2150E333-8FDC-42A3-9474-1A3956D46DE8}") = "Quotations", "Quotations", "{77AE5658-37D1-4C26-8462-D2F3005E5E64}"
EndProject
Project("{2150E333-8FDC-42A3-9474-1A3956D46DE8}") = "Sales", "Sales", "{5ACD4DF0-0812-4E79-90BB-9DFBACAA4502}"
EndProject
Project("{2150E333-8FDC-42A3-9474-1A3956D46DE8}") = "Portfolio", "Portfolio", "{72D6C915-B820-4AC3-89F5-10E2431C81BD}"
EndProject
Project("{FAE04EC0-301F-11D3-BF4B-00C04F79EFBC}") = "Sales.Services", "Modules\Sales\Sales.Services\Sales.Services.csproj", "{A640BA1E-589C-4B01-8407-E3BE078E3271}"
EndProject
Project("{FAE04EC0-301F-11D3-BF4B-00C04F79EFBC}") = "Contracts", "Modules\_Contracts\Contracts.csproj", "{19297424-954D-42F5-AC38-6F22A25EA682}"
EndProject
Project("{FAE04EC0-301F-11D3-BF4B-00C04F79EFBC}") = "Quotations.Services", "Modules\Quotations\Quotation.Services\Quotations.Services.csproj", "{CF5503B6-FE00-4E55-881E-3A021F603E38}"
EndProject
Project("{FAE04EC0-301F-11D3-BF4B-00C04F79EFBC}") = "Portfolio.Services", "Modules\Portfolio\Portofolio.Services\Portfolio.Services.csproj", "{4110E4B3-FCBC-46E5-9F1C-C7158E08FC3E}"
EndProject
Project("{2150E333-8FDC-42A3-9474-1A3956D46DE8}") = ".Notes", ".Notes", "{60883637-DD2D-488E-A08B-BD60AD86D369}"
	ProjectSection(SolutionItems) = preProject
		.Notes\PresentationScript.md = .Notes\PresentationScript.md
	EndProjectSection
EndProject
Project("{FAE04EC0-301F-11D3-BF4B-00C04F79EFBC}") = "ConsoleUi", "ConsoleUi\ConsoleUi.csproj", "{44125C18-6947-4193-8D44-C4F3546C0D47}"
	ProjectSection(ProjectDependencies) = postProject
		{B235C485-07B0-4BB5-A27A-B79DADC576AA} = {B235C485-07B0-4BB5-A27A-B79DADC576AA}
	EndProjectSection
EndProject
Project("{FAE04EC0-301F-11D3-BF4B-00C04F79EFBC}") = "Proxies", "Infrastructure\Proxies\Proxies.csproj", "{B235C485-07B0-4BB5-A27A-B79DADC576AA}"
EndProject
Project("{FAE04EC0-301F-11D3-BF4B-00C04F79EFBC}") = "Infra.Hosts", "Infrastructure\Common\Infra.Hosts\Infra.Hosts.csproj", "{C4A8A9D9-CF33-466C-829F-39DE80E99F38}"
EndProject
Project("{FAE04EC0-301F-11D3-BF4B-00C04F79EFBC}") = "AppBootEx", "AppBootEx\AppBootEx.csproj", "{C378E838-1688-484B-A35E-A95E003E28BC}"
EndProject
Global
	GlobalSection(SolutionConfigurationPlatforms) = preSolution
		Debug|Any CPU = Debug|Any CPU
		Release|Any CPU = Release|Any CPU
	EndGlobalSection
	GlobalSection(ProjectConfigurationPlatforms) = postSolution
		{F6399F1C-BF06-499B-A9DE-1F28EC35E589}.Debug|Any CPU.ActiveCfg = Debug|Any CPU
		{F6399F1C-BF06-499B-A9DE-1F28EC35E589}.Debug|Any CPU.Build.0 = Debug|Any CPU
		{F6399F1C-BF06-499B-A9DE-1F28EC35E589}.Release|Any CPU.ActiveCfg = Release|Any CPU
		{F6399F1C-BF06-499B-A9DE-1F28EC35E589}.Release|Any CPU.Build.0 = Release|Any CPU
		{A640BA1E-589C-4B01-8407-E3BE078E3271}.Debug|Any CPU.ActiveCfg = Debug|Any CPU
		{A640BA1E-589C-4B01-8407-E3BE078E3271}.Debug|Any CPU.Build.0 = Debug|Any CPU
		{A640BA1E-589C-4B01-8407-E3BE078E3271}.Release|Any CPU.ActiveCfg = Release|Any CPU
		{A640BA1E-589C-4B01-8407-E3BE078E3271}.Release|Any CPU.Build.0 = Release|Any CPU
		{19297424-954D-42F5-AC38-6F22A25EA682}.Debug|Any CPU.ActiveCfg = Debug|Any CPU
		{19297424-954D-42F5-AC38-6F22A25EA682}.Debug|Any CPU.Build.0 = Debug|Any CPU
		{19297424-954D-42F5-AC38-6F22A25EA682}.Release|Any CPU.ActiveCfg = Release|Any CPU
		{19297424-954D-42F5-AC38-6F22A25EA682}.Release|Any CPU.Build.0 = Release|Any CPU
		{CF5503B6-FE00-4E55-881E-3A021F603E38}.Debug|Any CPU.ActiveCfg = Debug|Any CPU
		{CF5503B6-FE00-4E55-881E-3A021F603E38}.Debug|Any CPU.Build.0 = Debug|Any CPU
		{CF5503B6-FE00-4E55-881E-3A021F603E38}.Release|Any CPU.ActiveCfg = Release|Any CPU
		{CF5503B6-FE00-4E55-881E-3A021F603E38}.Release|Any CPU.Build.0 = Release|Any CPU
		{4110E4B3-FCBC-46E5-9F1C-C7158E08FC3E}.Debug|Any CPU.ActiveCfg = Debug|Any CPU
		{4110E4B3-FCBC-46E5-9F1C-C7158E08FC3E}.Debug|Any CPU.Build.0 = Debug|Any CPU
		{4110E4B3-FCBC-46E5-9F1C-C7158E08FC3E}.Release|Any CPU.ActiveCfg = Release|Any CPU
		{4110E4B3-FCBC-46E5-9F1C-C7158E08FC3E}.Release|Any CPU.Build.0 = Release|Any CPU
		{44125C18-6947-4193-8D44-C4F3546C0D47}.Debug|Any CPU.ActiveCfg = Debug|Any CPU
		{44125C18-6947-4193-8D44-C4F3546C0D47}.Debug|Any CPU.Build.0 = Debug|Any CPU
		{44125C18-6947-4193-8D44-C4F3546C0D47}.Release|Any CPU.ActiveCfg = Release|Any CPU
		{44125C18-6947-4193-8D44-C4F3546C0D47}.Release|Any CPU.Build.0 = Release|Any CPU
		{B235C485-07B0-4BB5-A27A-B79DADC576AA}.Debug|Any CPU.ActiveCfg = Debug|Any CPU
		{B235C485-07B0-4BB5-A27A-B79DADC576AA}.Debug|Any CPU.Build.0 = Debug|Any CPU
		{B235C485-07B0-4BB5-A27A-B79DADC576AA}.Release|Any CPU.ActiveCfg = Release|Any CPU
		{B235C485-07B0-4BB5-A27A-B79DADC576AA}.Release|Any CPU.Build.0 = Release|Any CPU
		{C4A8A9D9-CF33-466C-829F-39DE80E99F38}.Debug|Any CPU.ActiveCfg = Debug|Any CPU
		{C4A8A9D9-CF33-466C-829F-39DE80E99F38}.Debug|Any CPU.Build.0 = Debug|Any CPU
		{C4A8A9D9-CF33-466C-829F-39DE80E99F38}.Release|Any CPU.ActiveCfg = Release|Any CPU
		{C4A8A9D9-CF33-466C-829F-39DE80E99F38}.Release|Any CPU.Build.0 = Release|Any CPU
		{C378E838-1688-484B-A35E-A95E003E28BC}.Debug|Any CPU.ActiveCfg = Debug|Any CPU
		{C378E838-1688-484B-A35E-A95E003E28BC}.Debug|Any CPU.Build.0 = Debug|Any CPU
		{C378E838-1688-484B-A35E-A95E003E28BC}.Release|Any CPU.ActiveCfg = Release|Any CPU
		{C378E838-1688-484B-A35E-A95E003E28BC}.Release|Any CPU.Build.0 = Release|Any CPU
	EndGlobalSection
	GlobalSection(SolutionProperties) = preSolution
		HideSolutionNode = FALSE
	EndGlobalSection
	GlobalSection(NestedProjects) = preSolution
		{77AE5658-37D1-4C26-8462-D2F3005E5E64} = {228B7ADB-37F2-450A-8B46-A0523DED7ED3}
		{5ACD4DF0-0812-4E79-90BB-9DFBACAA4502} = {228B7ADB-37F2-450A-8B46-A0523DED7ED3}
		{72D6C915-B820-4AC3-89F5-10E2431C81BD} = {228B7ADB-37F2-450A-8B46-A0523DED7ED3}
		{A640BA1E-589C-4B01-8407-E3BE078E3271} = {5ACD4DF0-0812-4E79-90BB-9DFBACAA4502}
		{19297424-954D-42F5-AC38-6F22A25EA682} = {228B7ADB-37F2-450A-8B46-A0523DED7ED3}
		{CF5503B6-FE00-4E55-881E-3A021F603E38} = {77AE5658-37D1-4C26-8462-D2F3005E5E64}
		{4110E4B3-FCBC-46E5-9F1C-C7158E08FC3E} = {72D6C915-B820-4AC3-89F5-10E2431C81BD}
		{B235C485-07B0-4BB5-A27A-B79DADC576AA} = {13B36249-6775-4B1D-ACE1-E5671AD1FCE1}
		{C4A8A9D9-CF33-466C-829F-39DE80E99F38} = {13B36249-6775-4B1D-ACE1-E5671AD1FCE1}
		{C378E838-1688-484B-A35E-A95E003E28BC} = {13B36249-6775-4B1D-ACE1-E5671AD1FCE1}
	EndGlobalSection
EndGlobal
