
Microsoft Visual Studio Solution File, Format Version 12.00
# Visual Studio 15
VisualStudioVersion = 15.0.27703.2042
MinimumVisualStudioVersion = 10.0.40219.1
Project("{2150E333-8FDC-42A3-9474-1A3956D46DE8}") = "Modules", "Modules", "{02E0C5E1-5F9D-482A-AF46-7097C48A2C98}"
EndProject
Project("{FAE04EC0-301F-11D3-BF4B-00C04F79EFBC}") = "DataModel", "Modules\DataModel\DataModel.csproj", "{32A8C22C-EE17-4443-BC4E-DD2A0C5C7C7D}"
EndProject
Project("{2150E333-8FDC-42A3-9474-1A3956D46DE8}") = "Sales", "Sales", "{6F5615EC-7773-442D-9CA4-DB095E973202}"
EndProject
Project("{FAE04EC0-301F-11D3-BF4B-00C04F79EFBC}") = "Contracts", "Modules\Contracts\Contracts.csproj", "{7047438D-82DC-4868-ACAE-EE3DF665337D}"
EndProject
Project("{2150E333-8FDC-42A3-9474-1A3956D46DE8}") = "Infrastructure", "Infrastructure", "{3FCCB878-D700-4492-80F5-7C34990473DA}"
EndProject
Project("{FAE04EC0-301F-11D3-BF4B-00C04F79EFBC}") = "DataAccess", "Infrastructure\DataAccess\DataAccess.csproj", "{2A4EF3A0-4D6D-4D6A-A691-834278739CFA}"
EndProject
Project("{2150E333-8FDC-42A3-9474-1A3956D46DE8}") = "Notifications", "Notifications", "{D1E921B8-5B69-4E65-8DF0-97D0B61B7312}"
EndProject
Project("{FAE04EC0-301F-11D3-BF4B-00C04F79EFBC}") = "Notifications.Services", "Modules\Notifications\Notification.Services\Notifications.Services.csproj", "{ED6AD59E-9538-4497-B99E-BDE883513A24}"
EndProject
Project("{2150E333-8FDC-42A3-9474-1A3956D46DE8}") = "Export", "Export", "{F58610B2-1046-4542-AF2D-4053E00B1AD4}"
EndProject
Project("{FAE04EC0-301F-11D3-BF4B-00C04F79EFBC}") = "Export.Services", "Modules\Export\Export.Services\Export.Services.csproj", "{99D5E040-832B-4A6D-ABB2-5ADE7921F92A}"
EndProject
Project("{FAE04EC0-301F-11D3-BF4B-00C04F79EFBC}") = "Sales.Services", "Modules\Sales\Sales.Services\Sales.Services.csproj", "{4C4DD642-CC9A-410F-BC05-AC1487D61801}"
EndProject
Project("{FAE04EC0-301F-11D3-BF4B-00C04F79EFBC}") = "Sales.DataModel", "Modules\Sales\Sales.DataModel\Sales.DataModel.csproj", "{1213C2ED-777A-4105-B946-765FE62029D4}"
EndProject
Project("{FAE04EC0-301F-11D3-BF4B-00C04F79EFBC}") = "Export.DataModel", "Modules\Export\Export.DataModel\Export.DataModel.csproj", "{2DE10D6E-3095-4E72-BE64-3F0F9FF552F5}"
EndProject
Project("{2150E333-8FDC-42A3-9474-1A3956D46DE8}") = "UI", "UI", "{3F680E2A-9E56-44A3-B745-5854414AB695}"
EndProject
Project("{FAE04EC0-301F-11D3-BF4B-00C04F79EFBC}") = "WpfApplication", "UI\WpfApplication\WpfApplication.csproj", "{BB8C14D1-1BC0-4CC6-9FC4-04AD309566D6}"
	ProjectSection(ProjectDependencies) = postProject
		{3CD21221-4782-4D17-A0C9-ECE1B15D4469} = {3CD21221-4782-4D17-A0C9-ECE1B15D4469}
		{99D5E040-832B-4A6D-ABB2-5ADE7921F92A} = {99D5E040-832B-4A6D-ABB2-5ADE7921F92A}
		{4C4DD642-CC9A-410F-BC05-AC1487D61801} = {4C4DD642-CC9A-410F-BC05-AC1487D61801}
		{ED6AD59E-9538-4497-B99E-BDE883513A24} = {ED6AD59E-9538-4497-B99E-BDE883513A24}
		{2A4EF3A0-4D6D-4D6A-A691-834278739CFA} = {2A4EF3A0-4D6D-4D6A-A691-834278739CFA}
		{3D082AE2-D187-4C65-89F5-6224EE4A4AEB} = {3D082AE2-D187-4C65-89F5-6224EE4A4AEB}
	EndProjectSection
EndProject
Project("{FAE04EC0-301F-11D3-BF4B-00C04F79EFBC}") = "ConsoleApplication", "UI\ConsoleApplication\ConsoleApplication.csproj", "{109A1D44-CD18-4A96-BEF3-7B5F4995162E}"
	ProjectSection(ProjectDependencies) = postProject
		{3CD21221-4782-4D17-A0C9-ECE1B15D4469} = {3CD21221-4782-4D17-A0C9-ECE1B15D4469}
		{32A8C22C-EE17-4443-BC4E-DD2A0C5C7C7D} = {32A8C22C-EE17-4443-BC4E-DD2A0C5C7C7D}
		{E6535C35-9135-43EE-B75F-F7AE046880F8} = {E6535C35-9135-43EE-B75F-F7AE046880F8}
		{99D5E040-832B-4A6D-ABB2-5ADE7921F92A} = {99D5E040-832B-4A6D-ABB2-5ADE7921F92A}
		{4C4DD642-CC9A-410F-BC05-AC1487D61801} = {4C4DD642-CC9A-410F-BC05-AC1487D61801}
		{2DE10D6E-3095-4E72-BE64-3F0F9FF552F5} = {2DE10D6E-3095-4E72-BE64-3F0F9FF552F5}
		{ED6AD59E-9538-4497-B99E-BDE883513A24} = {ED6AD59E-9538-4497-B99E-BDE883513A24}
		{2A4EF3A0-4D6D-4D6A-A691-834278739CFA} = {2A4EF3A0-4D6D-4D6A-A691-834278739CFA}
		{3D082AE2-D187-4C65-89F5-6224EE4A4AEB} = {3D082AE2-D187-4C65-89F5-6224EE4A4AEB}
		{1213C2ED-777A-4105-B946-765FE62029D4} = {1213C2ED-777A-4105-B946-765FE62029D4}
	EndProjectSection
EndProject
Project("{FAE04EC0-301F-11D3-BF4B-00C04F79EFBC}") = "Common", "Infrastructure\Common\Common.csproj", "{3D082AE2-D187-4C65-89F5-6224EE4A4AEB}"
EndProject
Project("{FAE04EC0-301F-11D3-BF4B-00C04F79EFBC}") = "Sales.DataAccess", "Modules\Sales\Sales.DataAccess\Sales.DataAccess.csproj", "{3CD21221-4782-4D17-A0C9-ECE1B15D4469}"
EndProject
Project("{2150E333-8FDC-42A3-9474-1A3956D46DE8}") = ".Exercises", ".Exercises", "{4507AF0F-9E80-41D8-95ED-1FDB5CC18413}"
	ProjectSection(SolutionItems) = preProject
		.Exercises\PointsOfAttention.md = .Exercises\PointsOfAttention.md
		.Exercises\readme.md = .Exercises\readme.md
	EndProjectSection
EndProject
Project("{2150E333-8FDC-42A3-9474-1A3956D46DE8}") = ".App_Data", ".App_Data", "{E42085D5-D451-49ED-89A7-962B5FE83C3D}"
	ProjectSection(SolutionItems) = preProject
		.App_Data\readme.md = .App_Data\readme.md
	EndProjectSection
EndProject
Project("{F088123C-0E9E-452A-89E6-6BA2F21D5CAC}") = "DependencyValidation", "Infrastructure\DependencyValidation\DependencyValidation.modelproj", "{9D8284B2-4F4E-40F7-B194-3F16F4E1E51B}"
EndProject
Project("{FAE04EC0-301F-11D3-BF4B-00C04F79EFBC}") = "Sales.ConsoleUi", "Modules\Sales\Sales.ConsoleUi\Sales.ConsoleUi.csproj", "{E6535C35-9135-43EE-B75F-F7AE046880F8}"
EndProject
Global
	GlobalSection(SolutionConfigurationPlatforms) = preSolution
		Debug|Any CPU = Debug|Any CPU
		Release|Any CPU = Release|Any CPU
	EndGlobalSection
	GlobalSection(ProjectConfigurationPlatforms) = postSolution
		{32A8C22C-EE17-4443-BC4E-DD2A0C5C7C7D}.Debug|Any CPU.ActiveCfg = Debug|Any CPU
		{32A8C22C-EE17-4443-BC4E-DD2A0C5C7C7D}.Debug|Any CPU.Build.0 = Debug|Any CPU
		{32A8C22C-EE17-4443-BC4E-DD2A0C5C7C7D}.Release|Any CPU.ActiveCfg = Release|Any CPU
		{32A8C22C-EE17-4443-BC4E-DD2A0C5C7C7D}.Release|Any CPU.Build.0 = Release|Any CPU
		{7047438D-82DC-4868-ACAE-EE3DF665337D}.Debug|Any CPU.ActiveCfg = Debug|Any CPU
		{7047438D-82DC-4868-ACAE-EE3DF665337D}.Debug|Any CPU.Build.0 = Debug|Any CPU
		{7047438D-82DC-4868-ACAE-EE3DF665337D}.Release|Any CPU.ActiveCfg = Release|Any CPU
		{7047438D-82DC-4868-ACAE-EE3DF665337D}.Release|Any CPU.Build.0 = Release|Any CPU
		{2A4EF3A0-4D6D-4D6A-A691-834278739CFA}.Debug|Any CPU.ActiveCfg = Debug|Any CPU
		{2A4EF3A0-4D6D-4D6A-A691-834278739CFA}.Debug|Any CPU.Build.0 = Debug|Any CPU
		{2A4EF3A0-4D6D-4D6A-A691-834278739CFA}.Release|Any CPU.ActiveCfg = Release|Any CPU
		{2A4EF3A0-4D6D-4D6A-A691-834278739CFA}.Release|Any CPU.Build.0 = Release|Any CPU
		{ED6AD59E-9538-4497-B99E-BDE883513A24}.Debug|Any CPU.ActiveCfg = Debug|Any CPU
		{ED6AD59E-9538-4497-B99E-BDE883513A24}.Debug|Any CPU.Build.0 = Debug|Any CPU
		{ED6AD59E-9538-4497-B99E-BDE883513A24}.Release|Any CPU.ActiveCfg = Release|Any CPU
		{ED6AD59E-9538-4497-B99E-BDE883513A24}.Release|Any CPU.Build.0 = Release|Any CPU
		{99D5E040-832B-4A6D-ABB2-5ADE7921F92A}.Debug|Any CPU.ActiveCfg = Debug|Any CPU
		{99D5E040-832B-4A6D-ABB2-5ADE7921F92A}.Debug|Any CPU.Build.0 = Debug|Any CPU
		{99D5E040-832B-4A6D-ABB2-5ADE7921F92A}.Release|Any CPU.ActiveCfg = Release|Any CPU
		{99D5E040-832B-4A6D-ABB2-5ADE7921F92A}.Release|Any CPU.Build.0 = Release|Any CPU
		{4C4DD642-CC9A-410F-BC05-AC1487D61801}.Debug|Any CPU.ActiveCfg = Debug|Any CPU
		{4C4DD642-CC9A-410F-BC05-AC1487D61801}.Debug|Any CPU.Build.0 = Debug|Any CPU
		{4C4DD642-CC9A-410F-BC05-AC1487D61801}.Release|Any CPU.ActiveCfg = Release|Any CPU
		{4C4DD642-CC9A-410F-BC05-AC1487D61801}.Release|Any CPU.Build.0 = Release|Any CPU
		{1213C2ED-777A-4105-B946-765FE62029D4}.Debug|Any CPU.ActiveCfg = Debug|Any CPU
		{1213C2ED-777A-4105-B946-765FE62029D4}.Debug|Any CPU.Build.0 = Debug|Any CPU
		{1213C2ED-777A-4105-B946-765FE62029D4}.Release|Any CPU.ActiveCfg = Release|Any CPU
		{1213C2ED-777A-4105-B946-765FE62029D4}.Release|Any CPU.Build.0 = Release|Any CPU
		{2DE10D6E-3095-4E72-BE64-3F0F9FF552F5}.Debug|Any CPU.ActiveCfg = Debug|Any CPU
		{2DE10D6E-3095-4E72-BE64-3F0F9FF552F5}.Debug|Any CPU.Build.0 = Debug|Any CPU
		{2DE10D6E-3095-4E72-BE64-3F0F9FF552F5}.Release|Any CPU.ActiveCfg = Release|Any CPU
		{2DE10D6E-3095-4E72-BE64-3F0F9FF552F5}.Release|Any CPU.Build.0 = Release|Any CPU
		{BB8C14D1-1BC0-4CC6-9FC4-04AD309566D6}.Debug|Any CPU.ActiveCfg = Debug|Any CPU
		{BB8C14D1-1BC0-4CC6-9FC4-04AD309566D6}.Debug|Any CPU.Build.0 = Debug|Any CPU
		{BB8C14D1-1BC0-4CC6-9FC4-04AD309566D6}.Release|Any CPU.ActiveCfg = Release|Any CPU
		{BB8C14D1-1BC0-4CC6-9FC4-04AD309566D6}.Release|Any CPU.Build.0 = Release|Any CPU
		{109A1D44-CD18-4A96-BEF3-7B5F4995162E}.Debug|Any CPU.ActiveCfg = Debug|Any CPU
		{109A1D44-CD18-4A96-BEF3-7B5F4995162E}.Debug|Any CPU.Build.0 = Debug|Any CPU
		{109A1D44-CD18-4A96-BEF3-7B5F4995162E}.Release|Any CPU.ActiveCfg = Release|Any CPU
		{109A1D44-CD18-4A96-BEF3-7B5F4995162E}.Release|Any CPU.Build.0 = Release|Any CPU
		{3D082AE2-D187-4C65-89F5-6224EE4A4AEB}.Debug|Any CPU.ActiveCfg = Debug|Any CPU
		{3D082AE2-D187-4C65-89F5-6224EE4A4AEB}.Debug|Any CPU.Build.0 = Debug|Any CPU
		{3D082AE2-D187-4C65-89F5-6224EE4A4AEB}.Release|Any CPU.ActiveCfg = Release|Any CPU
		{3D082AE2-D187-4C65-89F5-6224EE4A4AEB}.Release|Any CPU.Build.0 = Release|Any CPU
		{3CD21221-4782-4D17-A0C9-ECE1B15D4469}.Debug|Any CPU.ActiveCfg = Debug|Any CPU
		{3CD21221-4782-4D17-A0C9-ECE1B15D4469}.Debug|Any CPU.Build.0 = Debug|Any CPU
		{3CD21221-4782-4D17-A0C9-ECE1B15D4469}.Release|Any CPU.ActiveCfg = Release|Any CPU
		{3CD21221-4782-4D17-A0C9-ECE1B15D4469}.Release|Any CPU.Build.0 = Release|Any CPU
		{9D8284B2-4F4E-40F7-B194-3F16F4E1E51B}.Debug|Any CPU.ActiveCfg = Debug|Any CPU
		{9D8284B2-4F4E-40F7-B194-3F16F4E1E51B}.Debug|Any CPU.Build.0 = Debug|Any CPU
		{9D8284B2-4F4E-40F7-B194-3F16F4E1E51B}.Release|Any CPU.ActiveCfg = Release|Any CPU
		{9D8284B2-4F4E-40F7-B194-3F16F4E1E51B}.Release|Any CPU.Build.0 = Release|Any CPU
		{E6535C35-9135-43EE-B75F-F7AE046880F8}.Debug|Any CPU.ActiveCfg = Debug|Any CPU
		{E6535C35-9135-43EE-B75F-F7AE046880F8}.Debug|Any CPU.Build.0 = Debug|Any CPU
		{E6535C35-9135-43EE-B75F-F7AE046880F8}.Release|Any CPU.ActiveCfg = Release|Any CPU
		{E6535C35-9135-43EE-B75F-F7AE046880F8}.Release|Any CPU.Build.0 = Release|Any CPU
	EndGlobalSection
	GlobalSection(SolutionProperties) = preSolution
		HideSolutionNode = FALSE
	EndGlobalSection
	GlobalSection(NestedProjects) = preSolution
		{32A8C22C-EE17-4443-BC4E-DD2A0C5C7C7D} = {02E0C5E1-5F9D-482A-AF46-7097C48A2C98}
		{6F5615EC-7773-442D-9CA4-DB095E973202} = {02E0C5E1-5F9D-482A-AF46-7097C48A2C98}
		{7047438D-82DC-4868-ACAE-EE3DF665337D} = {02E0C5E1-5F9D-482A-AF46-7097C48A2C98}
		{2A4EF3A0-4D6D-4D6A-A691-834278739CFA} = {3FCCB878-D700-4492-80F5-7C34990473DA}
		{D1E921B8-5B69-4E65-8DF0-97D0B61B7312} = {02E0C5E1-5F9D-482A-AF46-7097C48A2C98}
		{ED6AD59E-9538-4497-B99E-BDE883513A24} = {D1E921B8-5B69-4E65-8DF0-97D0B61B7312}
		{F58610B2-1046-4542-AF2D-4053E00B1AD4} = {02E0C5E1-5F9D-482A-AF46-7097C48A2C98}
		{99D5E040-832B-4A6D-ABB2-5ADE7921F92A} = {F58610B2-1046-4542-AF2D-4053E00B1AD4}
		{4C4DD642-CC9A-410F-BC05-AC1487D61801} = {6F5615EC-7773-442D-9CA4-DB095E973202}
		{1213C2ED-777A-4105-B946-765FE62029D4} = {6F5615EC-7773-442D-9CA4-DB095E973202}
		{2DE10D6E-3095-4E72-BE64-3F0F9FF552F5} = {F58610B2-1046-4542-AF2D-4053E00B1AD4}
		{BB8C14D1-1BC0-4CC6-9FC4-04AD309566D6} = {3F680E2A-9E56-44A3-B745-5854414AB695}
		{109A1D44-CD18-4A96-BEF3-7B5F4995162E} = {3F680E2A-9E56-44A3-B745-5854414AB695}
		{3D082AE2-D187-4C65-89F5-6224EE4A4AEB} = {3FCCB878-D700-4492-80F5-7C34990473DA}
		{3CD21221-4782-4D17-A0C9-ECE1B15D4469} = {6F5615EC-7773-442D-9CA4-DB095E973202}
		{9D8284B2-4F4E-40F7-B194-3F16F4E1E51B} = {3FCCB878-D700-4492-80F5-7C34990473DA}
		{E6535C35-9135-43EE-B75F-F7AE046880F8} = {6F5615EC-7773-442D-9CA4-DB095E973202}
	EndGlobalSection
	GlobalSection(ExtensibilityGlobals) = postSolution
		SolutionGuid = {3893CACD-27B2-410A-A676-25F1B3194FCB}
	EndGlobalSection
EndGlobal
